
Microsoft Visual Studio Solution File, Format Version 12.00
# Visual Studio Version 16
VisualStudioVersion = 16.0.31424.327
MinimumVisualStudioVersion = 10.0.40219.1
Project("{9A19103F-16F7-4668-BE54-9A1E7A4F7556}") = "HoliDayRental", "HomeShare\HoliDayRental.csproj", "{8020D524-9DA0-42F3-906F-C726363F865F}"
EndProject
Project("{00D1A9C2-B5F0-4AF3-8072-F6C62B433612}") = "HoliDayRental.DB", "HoliDayRental.DB\HoliDayRental.DB.sqlproj", "{86D984FC-8413-4724-93FC-BAAF7FCC59C4}"
EndProject
Project("{2150E333-8FDC-42A3-9474-1A3956D46DE8}") = "DAL", "DAL", "{0D232C5E-1ABC-4FE8-B134-C95D2AB4A006}"
EndProject
Project("{FAE04EC0-301F-11D3-BF4B-00C04F79EFBC}") = "HoliDayRental.DAL", "HoliDayRental.DAL\HoliDayRental.DAL.csproj", "{6A332BCC-F6E4-425D-A37A-2253F451A3DE}"
EndProject
Project("{2150E333-8FDC-42A3-9474-1A3956D46DE8}") = "BLL", "BLL", "{33050DB6-120B-418F-AD27-BC19D840D446}"
EndProject
Project("{FAE04EC0-301F-11D3-BF4B-00C04F79EFBC}") = "HoliDayRental.BLL", "HoliDayRental.BLL\HoliDayRental.BLL.csproj", "{9CBD6226-2E95-49F9-A57D-2885F5F1A9B9}"
EndProject
Project("{FAE04EC0-301F-11D3-BF4B-00C04F79EFBC}") = "HoliDayRental.Common", "HoliDayRental.Common\HoliDayRental.Common.csproj", "{762AAF6F-D60E-4147-8C61-DDEF0371D823}"
EndProject
Global
	GlobalSection(SolutionConfigurationPlatforms) = preSolution
		Debug|Any CPU = Debug|Any CPU
		Release|Any CPU = Release|Any CPU
	EndGlobalSection
	GlobalSection(ProjectConfigurationPlatforms) = postSolution
		{8020D524-9DA0-42F3-906F-C726363F865F}.Debug|Any CPU.ActiveCfg = Debug|Any CPU
		{8020D524-9DA0-42F3-906F-C726363F865F}.Debug|Any CPU.Build.0 = Debug|Any CPU
		{8020D524-9DA0-42F3-906F-C726363F865F}.Release|Any CPU.ActiveCfg = Release|Any CPU
		{8020D524-9DA0-42F3-906F-C726363F865F}.Release|Any CPU.Build.0 = Release|Any CPU
		{86D984FC-8413-4724-93FC-BAAF7FCC59C4}.Debug|Any CPU.ActiveCfg = Debug|Any CPU
		{86D984FC-8413-4724-93FC-BAAF7FCC59C4}.Debug|Any CPU.Build.0 = Debug|Any CPU
		{86D984FC-8413-4724-93FC-BAAF7FCC59C4}.Debug|Any CPU.Deploy.0 = Debug|Any CPU
		{86D984FC-8413-4724-93FC-BAAF7FCC59C4}.Release|Any CPU.ActiveCfg = Release|Any CPU
		{86D984FC-8413-4724-93FC-BAAF7FCC59C4}.Release|Any CPU.Build.0 = Release|Any CPU
		{86D984FC-8413-4724-93FC-BAAF7FCC59C4}.Release|Any CPU.Deploy.0 = Release|Any CPU
		{6A332BCC-F6E4-425D-A37A-2253F451A3DE}.Debug|Any CPU.ActiveCfg = Debug|Any CPU
		{6A332BCC-F6E4-425D-A37A-2253F451A3DE}.Debug|Any CPU.Build.0 = Debug|Any CPU
		{6A332BCC-F6E4-425D-A37A-2253F451A3DE}.Release|Any CPU.ActiveCfg = Release|Any CPU
		{6A332BCC-F6E4-425D-A37A-2253F451A3DE}.Release|Any CPU.Build.0 = Release|Any CPU
		{9CBD6226-2E95-49F9-A57D-2885F5F1A9B9}.Debug|Any CPU.ActiveCfg = Debug|Any CPU
		{9CBD6226-2E95-49F9-A57D-2885F5F1A9B9}.Debug|Any CPU.Build.0 = Debug|Any CPU
		{9CBD6226-2E95-49F9-A57D-2885F5F1A9B9}.Release|Any CPU.ActiveCfg = Release|Any CPU
		{9CBD6226-2E95-49F9-A57D-2885F5F1A9B9}.Release|Any CPU.Build.0 = Release|Any CPU
		{762AAF6F-D60E-4147-8C61-DDEF0371D823}.Debug|Any CPU.ActiveCfg = Debug|Any CPU
		{762AAF6F-D60E-4147-8C61-DDEF0371D823}.Debug|Any CPU.Build.0 = Debug|Any CPU
		{762AAF6F-D60E-4147-8C61-DDEF0371D823}.Release|Any CPU.ActiveCfg = Release|Any CPU
		{762AAF6F-D60E-4147-8C61-DDEF0371D823}.Release|Any CPU.Build.0 = Release|Any CPU
	EndGlobalSection
	GlobalSection(SolutionProperties) = preSolution
		HideSolutionNode = FALSE
	EndGlobalSection
	GlobalSection(NestedProjects) = preSolution
		{6A332BCC-F6E4-425D-A37A-2253F451A3DE} = {0D232C5E-1ABC-4FE8-B134-C95D2AB4A006}
		{9CBD6226-2E95-49F9-A57D-2885F5F1A9B9} = {33050DB6-120B-418F-AD27-BC19D840D446}
	EndGlobalSection
	GlobalSection(ExtensibilityGlobals) = postSolution
		SolutionGuid = {27899870-7CEA-4A05-A2CC-D1884DDA0644}
	EndGlobalSection
EndGlobal
